
Microsoft Visual Studio Solution File, Format Version 12.00
# Visual Studio Version 16
VisualStudioVersion = 16.0.29306.81
MinimumVisualStudioVersion = 10.0.40219.1
Project("{9A19103F-16F7-4668-BE54-9A1E7A4F7556}") = "SmartB.API", "SmartB.API.csproj", "{2D9C616D-4AB9-47A4-8373-EADBAA9EA264}"
EndProject
Global
	GlobalSection(SolutionConfigurationPlatforms) = preSolution
		Debug|Any CPU = Debug|Any CPU
		Release|Any CPU = Release|Any CPU
	EndGlobalSection
	GlobalSection(ProjectConfigurationPlatforms) = postSolution
		{2D9C616D-4AB9-47A4-8373-EADBAA9EA264}.Debug|Any CPU.ActiveCfg = Debug|Any CPU
		{2D9C616D-4AB9-47A4-8373-EADBAA9EA264}.Debug|Any CPU.Build.0 = Debug|Any CPU
		{2D9C616D-4AB9-47A4-8373-EADBAA9EA264}.Release|Any CPU.ActiveCfg = Release|Any CPU
		{2D9C616D-4AB9-47A4-8373-EADBAA9EA264}.Release|Any CPU.Build.0 = Release|Any CPU
	EndGlobalSection
	GlobalSection(SolutionProperties) = preSolution
		HideSolutionNode = FALSE
	EndGlobalSection
	GlobalSection(ExtensibilityGlobals) = postSolution
		SolutionGuid = {9D47B3AB-C9E2-4AC8-8229-557485884B0A}
	EndGlobalSection
EndGlobal
